
Microsoft Visual Studio Solution File, Format Version 12.00
# Visual Studio 15
VisualStudioVersion = 15.0.27428.2005
MinimumVisualStudioVersion = 10.0.40219.1
Project("{FAE04EC0-301F-11D3-BF4B-00C04F79EFBC}") = "BoxOfT", "BoxOfT\BoxOfT.csproj", "{43DC72AD-73E9-4333-815F-284CB819DE34}"
EndProject
Project("{FAE04EC0-301F-11D3-BF4B-00C04F79EFBC}") = "GenericsArrayCreator", "GenericsArrayCreator\GenericsArrayCreator.csproj", "{A8C68A3D-28D8-4FC6-AAD2-1A8471F55081}"
EndProject
Project("{FAE04EC0-301F-11D3-BF4B-00C04F79EFBC}") = "GenericScale", "GenericScale\GenericScale.csproj", "{B539077A-463F-4A3B-A1E0-0E284CBD03D5}"
EndProject
Global
	GlobalSection(SolutionConfigurationPlatforms) = preSolution
		Debug|Any CPU = Debug|Any CPU
		Release|Any CPU = Release|Any CPU
	EndGlobalSection
	GlobalSection(ProjectConfigurationPlatforms) = postSolution
		{43DC72AD-73E9-4333-815F-284CB819DE34}.Debug|Any CPU.ActiveCfg = Debug|Any CPU
		{43DC72AD-73E9-4333-815F-284CB819DE34}.Debug|Any CPU.Build.0 = Debug|Any CPU
		{43DC72AD-73E9-4333-815F-284CB819DE34}.Release|Any CPU.ActiveCfg = Release|Any CPU
		{43DC72AD-73E9-4333-815F-284CB819DE34}.Release|Any CPU.Build.0 = Release|Any CPU
		{A8C68A3D-28D8-4FC6-AAD2-1A8471F55081}.Debug|Any CPU.ActiveCfg = Debug|Any CPU
		{A8C68A3D-28D8-4FC6-AAD2-1A8471F55081}.Debug|Any CPU.Build.0 = Debug|Any CPU
		{A8C68A3D-28D8-4FC6-AAD2-1A8471F55081}.Release|Any CPU.ActiveCfg = Release|Any CPU
		{A8C68A3D-28D8-4FC6-AAD2-1A8471F55081}.Release|Any CPU.Build.0 = Release|Any CPU
		{B539077A-463F-4A3B-A1E0-0E284CBD03D5}.Debug|Any CPU.ActiveCfg = Debug|Any CPU
		{B539077A-463F-4A3B-A1E0-0E284CBD03D5}.Debug|Any CPU.Build.0 = Debug|Any CPU
		{B539077A-463F-4A3B-A1E0-0E284CBD03D5}.Release|Any CPU.ActiveCfg = Release|Any CPU
		{B539077A-463F-4A3B-A1E0-0E284CBD03D5}.Release|Any CPU.Build.0 = Release|Any CPU
	EndGlobalSection
	GlobalSection(SolutionProperties) = preSolution
		HideSolutionNode = FALSE
	EndGlobalSection
	GlobalSection(ExtensibilityGlobals) = postSolution
		SolutionGuid = {FF2AF41A-CD87-4511-A769-5A581928BF56}
	EndGlobalSection
EndGlobal
