
Microsoft Visual Studio Solution File, Format Version 12.00
# Visual Studio 15
VisualStudioVersion = 15.0.27130.2027
MinimumVisualStudioVersion = 10.0.40219.1
Project("{FAE04EC0-301F-11D3-BF4B-00C04F79EFBC}") = "Minedraft", "Minedraft\Minedraft.csproj", "{74F8FD50-05EF-451C-8234-16D1C47400C2}"
EndProject
Global
	GlobalSection(SolutionConfigurationPlatforms) = preSolution
		Debug|Any CPU = Debug|Any CPU
		Release|Any CPU = Release|Any CPU
	EndGlobalSection
	GlobalSection(ProjectConfigurationPlatforms) = postSolution
		{74F8FD50-05EF-451C-8234-16D1C47400C2}.Debug|Any CPU.ActiveCfg = Debug|Any CPU
		{74F8FD50-05EF-451C-8234-16D1C47400C2}.Debug|Any CPU.Build.0 = Debug|Any CPU
		{74F8FD50-05EF-451C-8234-16D1C47400C2}.Release|Any CPU.ActiveCfg = Release|Any CPU
		{74F8FD50-05EF-451C-8234-16D1C47400C2}.Release|Any CPU.Build.0 = Release|Any CPU
	EndGlobalSection
	GlobalSection(SolutionProperties) = preSolution
		HideSolutionNode = FALSE
	EndGlobalSection
	GlobalSection(ExtensibilityGlobals) = postSolution
		SolutionGuid = {221CF94B-EE6C-4761-A8CE-931A469E140E}
	EndGlobalSection
EndGlobal
