
Microsoft Visual Studio Solution File, Format Version 12.00
# Visual Studio 15
VisualStudioVersion = 15.0.27428.2037
MinimumVisualStudioVersion = 10.0.40219.1
Project("{FAE04EC0-301F-11D3-BF4B-00C04F79EFBC}") = "StorageMaster", "StorageMaster\StorageMaster.csproj", "{307AED1D-8E7B-4C38-BAD5-26AB2B704DF3}"
EndProject
Global
	GlobalSection(SolutionConfigurationPlatforms) = preSolution
		Debug|Any CPU = Debug|Any CPU
		Release|Any CPU = Release|Any CPU
	EndGlobalSection
	GlobalSection(ProjectConfigurationPlatforms) = postSolution
		{307AED1D-8E7B-4C38-BAD5-26AB2B704DF3}.Debug|Any CPU.ActiveCfg = Debug|Any CPU
		{307AED1D-8E7B-4C38-BAD5-26AB2B704DF3}.Debug|Any CPU.Build.0 = Debug|Any CPU
		{307AED1D-8E7B-4C38-BAD5-26AB2B704DF3}.Release|Any CPU.ActiveCfg = Release|Any CPU
		{307AED1D-8E7B-4C38-BAD5-26AB2B704DF3}.Release|Any CPU.Build.0 = Release|Any CPU
	EndGlobalSection
	GlobalSection(SolutionProperties) = preSolution
		HideSolutionNode = FALSE
	EndGlobalSection
	GlobalSection(ExtensibilityGlobals) = postSolution
		SolutionGuid = {43CF8DBA-4834-459F-8B5F-457FA526163D}
	EndGlobalSection
EndGlobal
