
Microsoft Visual Studio Solution File, Format Version 12.00
# Visual Studio 15
VisualStudioVersion = 15.0.27130.2027
MinimumVisualStudioVersion = 10.0.40219.1
Project("{9A19103F-16F7-4668-BE54-9A1E7A4F7556}") = "Forum.App", "Forum.App\Forum.App.csproj", "{F06CF94A-0D4B-4E0F-9D89-8A00511BBAF5}"
EndProject
Project("{FAE04EC0-301F-11D3-BF4B-00C04F79EFBC}") = "Forum.Models", "Forum.Models\Forum.Models.csproj", "{C133EB7C-BAC8-4BE8-AA02-DB2CCB6FEA04}"
EndProject
Project("{FAE04EC0-301F-11D3-BF4B-00C04F79EFBC}") = "Forum.Data", "Forum.Data\Forum.Data.csproj", "{8FAB1EE0-056F-4792-B169-AF8D2C2ADD7C}"
EndProject
Global
	GlobalSection(SolutionConfigurationPlatforms) = preSolution
		Debug|Any CPU = Debug|Any CPU
		Release|Any CPU = Release|Any CPU
	EndGlobalSection
	GlobalSection(ProjectConfigurationPlatforms) = postSolution
		{F06CF94A-0D4B-4E0F-9D89-8A00511BBAF5}.Debug|Any CPU.ActiveCfg = Debug|Any CPU
		{F06CF94A-0D4B-4E0F-9D89-8A00511BBAF5}.Debug|Any CPU.Build.0 = Debug|Any CPU
		{F06CF94A-0D4B-4E0F-9D89-8A00511BBAF5}.Release|Any CPU.ActiveCfg = Release|Any CPU
		{F06CF94A-0D4B-4E0F-9D89-8A00511BBAF5}.Release|Any CPU.Build.0 = Release|Any CPU
		{C133EB7C-BAC8-4BE8-AA02-DB2CCB6FEA04}.Debug|Any CPU.ActiveCfg = Debug|Any CPU
		{C133EB7C-BAC8-4BE8-AA02-DB2CCB6FEA04}.Debug|Any CPU.Build.0 = Debug|Any CPU
		{C133EB7C-BAC8-4BE8-AA02-DB2CCB6FEA04}.Release|Any CPU.ActiveCfg = Release|Any CPU
		{C133EB7C-BAC8-4BE8-AA02-DB2CCB6FEA04}.Release|Any CPU.Build.0 = Release|Any CPU
		{8FAB1EE0-056F-4792-B169-AF8D2C2ADD7C}.Debug|Any CPU.ActiveCfg = Debug|Any CPU
		{8FAB1EE0-056F-4792-B169-AF8D2C2ADD7C}.Debug|Any CPU.Build.0 = Debug|Any CPU
		{8FAB1EE0-056F-4792-B169-AF8D2C2ADD7C}.Release|Any CPU.ActiveCfg = Release|Any CPU
		{8FAB1EE0-056F-4792-B169-AF8D2C2ADD7C}.Release|Any CPU.Build.0 = Release|Any CPU
	EndGlobalSection
	GlobalSection(SolutionProperties) = preSolution
		HideSolutionNode = FALSE
	EndGlobalSection
	GlobalSection(ExtensibilityGlobals) = postSolution
		SolutionGuid = {98FE9DD6-1C43-418F-B768-891BD5688DD0}
	EndGlobalSection
EndGlobal
