
Microsoft Visual Studio Solution File, Format Version 12.00
# Visual Studio 15
VisualStudioVersion = 15.0.27130.2027
MinimumVisualStudioVersion = 10.0.40219.1
Project("{9A19103F-16F7-4668-BE54-9A1E7A4F7556}") = "ClassBox", "ClassBox\ClassBox.csproj", "{B91D4CE8-D50C-4533-8111-624B50CBD2F4}"
EndProject
Project("{9A19103F-16F7-4668-BE54-9A1E7A4F7556}") = "BoxValidation", "BoxValidation\BoxValidation.csproj", "{06C35B99-AE5B-45C1-AD5D-6FB431960E02}"
EndProject
Project("{9A19103F-16F7-4668-BE54-9A1E7A4F7556}") = "ShoppingSpree", "ShoppingSpree\ShoppingSpree.csproj", "{C8BCFB1A-BA83-4583-B868-BEE0BA13970E}"
EndProject
Project("{FAE04EC0-301F-11D3-BF4B-00C04F79EFBC}") = "PizzaCalories", "PizzaCalories\PizzaCalories.csproj", "{725FD7AE-A333-4200-994F-07AC1AB836AA}"
EndProject
Project("{FAE04EC0-301F-11D3-BF4B-00C04F79EFBC}") = "FootballTeamGenerator", "FootballTeamGenerator\FootballTeamGenerator.csproj", "{D6ECD71B-0DD7-4B67-9F05-8BE4803DCE73}"
EndProject
Global
	GlobalSection(SolutionConfigurationPlatforms) = preSolution
		Debug|Any CPU = Debug|Any CPU
		Release|Any CPU = Release|Any CPU
	EndGlobalSection
	GlobalSection(ProjectConfigurationPlatforms) = postSolution
		{B91D4CE8-D50C-4533-8111-624B50CBD2F4}.Debug|Any CPU.ActiveCfg = Debug|Any CPU
		{B91D4CE8-D50C-4533-8111-624B50CBD2F4}.Debug|Any CPU.Build.0 = Debug|Any CPU
		{B91D4CE8-D50C-4533-8111-624B50CBD2F4}.Release|Any CPU.ActiveCfg = Release|Any CPU
		{B91D4CE8-D50C-4533-8111-624B50CBD2F4}.Release|Any CPU.Build.0 = Release|Any CPU
		{06C35B99-AE5B-45C1-AD5D-6FB431960E02}.Debug|Any CPU.ActiveCfg = Debug|Any CPU
		{06C35B99-AE5B-45C1-AD5D-6FB431960E02}.Debug|Any CPU.Build.0 = Debug|Any CPU
		{06C35B99-AE5B-45C1-AD5D-6FB431960E02}.Release|Any CPU.ActiveCfg = Release|Any CPU
		{06C35B99-AE5B-45C1-AD5D-6FB431960E02}.Release|Any CPU.Build.0 = Release|Any CPU
		{C8BCFB1A-BA83-4583-B868-BEE0BA13970E}.Debug|Any CPU.ActiveCfg = Debug|Any CPU
		{C8BCFB1A-BA83-4583-B868-BEE0BA13970E}.Debug|Any CPU.Build.0 = Debug|Any CPU
		{C8BCFB1A-BA83-4583-B868-BEE0BA13970E}.Release|Any CPU.ActiveCfg = Release|Any CPU
		{C8BCFB1A-BA83-4583-B868-BEE0BA13970E}.Release|Any CPU.Build.0 = Release|Any CPU
		{725FD7AE-A333-4200-994F-07AC1AB836AA}.Debug|Any CPU.ActiveCfg = Debug|Any CPU
		{725FD7AE-A333-4200-994F-07AC1AB836AA}.Debug|Any CPU.Build.0 = Debug|Any CPU
		{725FD7AE-A333-4200-994F-07AC1AB836AA}.Release|Any CPU.ActiveCfg = Release|Any CPU
		{725FD7AE-A333-4200-994F-07AC1AB836AA}.Release|Any CPU.Build.0 = Release|Any CPU
		{D6ECD71B-0DD7-4B67-9F05-8BE4803DCE73}.Debug|Any CPU.ActiveCfg = Debug|Any CPU
		{D6ECD71B-0DD7-4B67-9F05-8BE4803DCE73}.Debug|Any CPU.Build.0 = Debug|Any CPU
		{D6ECD71B-0DD7-4B67-9F05-8BE4803DCE73}.Release|Any CPU.ActiveCfg = Release|Any CPU
		{D6ECD71B-0DD7-4B67-9F05-8BE4803DCE73}.Release|Any CPU.Build.0 = Release|Any CPU
	EndGlobalSection
	GlobalSection(SolutionProperties) = preSolution
		HideSolutionNode = FALSE
	EndGlobalSection
	GlobalSection(ExtensibilityGlobals) = postSolution
		SolutionGuid = {C64A7156-6CA0-420D-BB81-53A7C8B83937}
	EndGlobalSection
EndGlobal
