
Microsoft Visual Studio Solution File, Format Version 12.00
# Visual Studio 15
VisualStudioVersion = 15.0.27428.2005
MinimumVisualStudioVersion = 10.0.40219.1
Project("{9A19103F-16F7-4668-BE54-9A1E7A4F7556}") = "P01_HarvestingFields", "P01_HarvestingFields\P01_HarvestingFields.csproj", "{AF77BFF2-0CE0-45DA-BF91-11D24533BECB}"
EndProject
Project("{9A19103F-16F7-4668-BE54-9A1E7A4F7556}") = "P02_BlackBoxInteger", "P02_BlackBoxInteger\P02_BlackBoxInteger.csproj", "{853FD7D4-1D37-485B-A720-6D059DB98A94}"
EndProject
Project("{9A19103F-16F7-4668-BE54-9A1E7A4F7556}") = "P03_BarraksWars", "P03_BarraksWars\P03_BarraksWars.csproj", "{0EDD2C96-4657-4C6C-A426-03DF3D94A2C0}"
EndProject
Project("{FAE04EC0-301F-11D3-BF4B-00C04F79EFBC}") = "TrafficLights", "TrafficLights\TrafficLights.csproj", "{5C41F693-38C9-4BD8-B645-62993B474373}"
EndProject
Project("{FAE04EC0-301F-11D3-BF4B-00C04F79EFBC}") = "InfernoInfinity", "InfernoInfinity\InfernoInfinity.csproj", "{49A7B839-7C0C-4745-92EE-55FDE5590298}"
EndProject
Global
	GlobalSection(SolutionConfigurationPlatforms) = preSolution
		Debug|Any CPU = Debug|Any CPU
		Release|Any CPU = Release|Any CPU
	EndGlobalSection
	GlobalSection(ProjectConfigurationPlatforms) = postSolution
		{AF77BFF2-0CE0-45DA-BF91-11D24533BECB}.Debug|Any CPU.ActiveCfg = Debug|Any CPU
		{AF77BFF2-0CE0-45DA-BF91-11D24533BECB}.Debug|Any CPU.Build.0 = Debug|Any CPU
		{AF77BFF2-0CE0-45DA-BF91-11D24533BECB}.Release|Any CPU.ActiveCfg = Release|Any CPU
		{AF77BFF2-0CE0-45DA-BF91-11D24533BECB}.Release|Any CPU.Build.0 = Release|Any CPU
		{853FD7D4-1D37-485B-A720-6D059DB98A94}.Debug|Any CPU.ActiveCfg = Debug|Any CPU
		{853FD7D4-1D37-485B-A720-6D059DB98A94}.Debug|Any CPU.Build.0 = Debug|Any CPU
		{853FD7D4-1D37-485B-A720-6D059DB98A94}.Release|Any CPU.ActiveCfg = Release|Any CPU
		{853FD7D4-1D37-485B-A720-6D059DB98A94}.Release|Any CPU.Build.0 = Release|Any CPU
		{0EDD2C96-4657-4C6C-A426-03DF3D94A2C0}.Debug|Any CPU.ActiveCfg = Debug|Any CPU
		{0EDD2C96-4657-4C6C-A426-03DF3D94A2C0}.Debug|Any CPU.Build.0 = Debug|Any CPU
		{0EDD2C96-4657-4C6C-A426-03DF3D94A2C0}.Release|Any CPU.ActiveCfg = Release|Any CPU
		{0EDD2C96-4657-4C6C-A426-03DF3D94A2C0}.Release|Any CPU.Build.0 = Release|Any CPU
		{5C41F693-38C9-4BD8-B645-62993B474373}.Debug|Any CPU.ActiveCfg = Debug|Any CPU
		{5C41F693-38C9-4BD8-B645-62993B474373}.Debug|Any CPU.Build.0 = Debug|Any CPU
		{5C41F693-38C9-4BD8-B645-62993B474373}.Release|Any CPU.ActiveCfg = Release|Any CPU
		{5C41F693-38C9-4BD8-B645-62993B474373}.Release|Any CPU.Build.0 = Release|Any CPU
		{49A7B839-7C0C-4745-92EE-55FDE5590298}.Debug|Any CPU.ActiveCfg = Debug|Any CPU
		{49A7B839-7C0C-4745-92EE-55FDE5590298}.Debug|Any CPU.Build.0 = Debug|Any CPU
		{49A7B839-7C0C-4745-92EE-55FDE5590298}.Release|Any CPU.ActiveCfg = Release|Any CPU
		{49A7B839-7C0C-4745-92EE-55FDE5590298}.Release|Any CPU.Build.0 = Release|Any CPU
	EndGlobalSection
	GlobalSection(SolutionProperties) = preSolution
		HideSolutionNode = FALSE
	EndGlobalSection
	GlobalSection(ExtensibilityGlobals) = postSolution
		SolutionGuid = {DF3F57F0-38DC-4CF3-99ED-CAE84B3D3D86}
	EndGlobalSection
EndGlobal
