
Microsoft Visual Studio Solution File, Format Version 12.00
# Visual Studio 15
VisualStudioVersion = 15.0.27130.2027
MinimumVisualStudioVersion = 10.0.40219.1
Project("{9A19103F-16F7-4668-BE54-9A1E7A4F7556}") = "DefineAnInterfaceIPerson", "DefineAnInterfaceIPerson\DefineAnInterfaceIPerson.csproj", "{8AB71D5B-7536-4243-B2E6-6ACF05D87F78}"
EndProject
Project("{9A19103F-16F7-4668-BE54-9A1E7A4F7556}") = "Ferrari", "Ferrari\Ferrari.csproj", "{F0A5ECB7-48F9-4487-9988-5C5276C6737E}"
EndProject
Project("{9A19103F-16F7-4668-BE54-9A1E7A4F7556}") = "Telephony", "Telephony\Telephony.csproj", "{E95D658D-170B-422F-BDC1-BBE842229378}"
EndProject
Project("{9A19103F-16F7-4668-BE54-9A1E7A4F7556}") = "BorderControl", "BorderControl\BorderControl.csproj", "{F8B880CF-6F86-49B9-B163-F8F06A244527}"
EndProject
Project("{9A19103F-16F7-4668-BE54-9A1E7A4F7556}") = "ExplicitInterfaces", "ExplicitInterfaces\ExplicitInterfaces.csproj", "{165709CD-73D1-40A9-961F-7FBE23317EF0}"
EndProject
Project("{9A19103F-16F7-4668-BE54-9A1E7A4F7556}") = "CollectionHierarchy", "CollectionHierarchy\CollectionHierarchy.csproj", "{0B102009-2458-4B34-A110-26ABAD460154}"
EndProject
Project("{FAE04EC0-301F-11D3-BF4B-00C04F79EFBC}") = "MilitaryElite", "MilitaryElite\MilitaryElite.csproj", "{8D1526F1-05B2-4B86-B1D2-26E7E8DC1AFA}"
EndProject
Global
	GlobalSection(SolutionConfigurationPlatforms) = preSolution
		Debug|Any CPU = Debug|Any CPU
		Release|Any CPU = Release|Any CPU
	EndGlobalSection
	GlobalSection(ProjectConfigurationPlatforms) = postSolution
		{8AB71D5B-7536-4243-B2E6-6ACF05D87F78}.Debug|Any CPU.ActiveCfg = Debug|Any CPU
		{8AB71D5B-7536-4243-B2E6-6ACF05D87F78}.Debug|Any CPU.Build.0 = Debug|Any CPU
		{8AB71D5B-7536-4243-B2E6-6ACF05D87F78}.Release|Any CPU.ActiveCfg = Release|Any CPU
		{8AB71D5B-7536-4243-B2E6-6ACF05D87F78}.Release|Any CPU.Build.0 = Release|Any CPU
		{F0A5ECB7-48F9-4487-9988-5C5276C6737E}.Debug|Any CPU.ActiveCfg = Debug|Any CPU
		{F0A5ECB7-48F9-4487-9988-5C5276C6737E}.Debug|Any CPU.Build.0 = Debug|Any CPU
		{F0A5ECB7-48F9-4487-9988-5C5276C6737E}.Release|Any CPU.ActiveCfg = Release|Any CPU
		{F0A5ECB7-48F9-4487-9988-5C5276C6737E}.Release|Any CPU.Build.0 = Release|Any CPU
		{E95D658D-170B-422F-BDC1-BBE842229378}.Debug|Any CPU.ActiveCfg = Debug|Any CPU
		{E95D658D-170B-422F-BDC1-BBE842229378}.Debug|Any CPU.Build.0 = Debug|Any CPU
		{E95D658D-170B-422F-BDC1-BBE842229378}.Release|Any CPU.ActiveCfg = Release|Any CPU
		{E95D658D-170B-422F-BDC1-BBE842229378}.Release|Any CPU.Build.0 = Release|Any CPU
		{F8B880CF-6F86-49B9-B163-F8F06A244527}.Debug|Any CPU.ActiveCfg = Debug|Any CPU
		{F8B880CF-6F86-49B9-B163-F8F06A244527}.Debug|Any CPU.Build.0 = Debug|Any CPU
		{F8B880CF-6F86-49B9-B163-F8F06A244527}.Release|Any CPU.ActiveCfg = Release|Any CPU
		{F8B880CF-6F86-49B9-B163-F8F06A244527}.Release|Any CPU.Build.0 = Release|Any CPU
		{165709CD-73D1-40A9-961F-7FBE23317EF0}.Debug|Any CPU.ActiveCfg = Debug|Any CPU
		{165709CD-73D1-40A9-961F-7FBE23317EF0}.Debug|Any CPU.Build.0 = Debug|Any CPU
		{165709CD-73D1-40A9-961F-7FBE23317EF0}.Release|Any CPU.ActiveCfg = Release|Any CPU
		{165709CD-73D1-40A9-961F-7FBE23317EF0}.Release|Any CPU.Build.0 = Release|Any CPU
		{0B102009-2458-4B34-A110-26ABAD460154}.Debug|Any CPU.ActiveCfg = Debug|Any CPU
		{0B102009-2458-4B34-A110-26ABAD460154}.Debug|Any CPU.Build.0 = Debug|Any CPU
		{0B102009-2458-4B34-A110-26ABAD460154}.Release|Any CPU.ActiveCfg = Release|Any CPU
		{0B102009-2458-4B34-A110-26ABAD460154}.Release|Any CPU.Build.0 = Release|Any CPU
		{8D1526F1-05B2-4B86-B1D2-26E7E8DC1AFA}.Debug|Any CPU.ActiveCfg = Debug|Any CPU
		{8D1526F1-05B2-4B86-B1D2-26E7E8DC1AFA}.Debug|Any CPU.Build.0 = Debug|Any CPU
		{8D1526F1-05B2-4B86-B1D2-26E7E8DC1AFA}.Release|Any CPU.ActiveCfg = Release|Any CPU
		{8D1526F1-05B2-4B86-B1D2-26E7E8DC1AFA}.Release|Any CPU.Build.0 = Release|Any CPU
	EndGlobalSection
	GlobalSection(SolutionProperties) = preSolution
		HideSolutionNode = FALSE
	EndGlobalSection
	GlobalSection(ExtensibilityGlobals) = postSolution
		SolutionGuid = {2F4CB1E9-0EFE-4E6E-93A2-015365E31188}
	EndGlobalSection
EndGlobal
