
Microsoft Visual Studio Solution File, Format Version 12.00
# Visual Studio 15
VisualStudioVersion = 15.0.27428.2005
MinimumVisualStudioVersion = 10.0.40219.1
Project("{FAE04EC0-301F-11D3-BF4B-00C04F79EFBC}") = "PawInc", "PawInc\PawInc.csproj", "{444FF2A2-D500-4858-9568-1D1FBD764DAB}"
EndProject
Global
	GlobalSection(SolutionConfigurationPlatforms) = preSolution
		Debug|Any CPU = Debug|Any CPU
		Release|Any CPU = Release|Any CPU
	EndGlobalSection
	GlobalSection(ProjectConfigurationPlatforms) = postSolution
		{444FF2A2-D500-4858-9568-1D1FBD764DAB}.Debug|Any CPU.ActiveCfg = Debug|Any CPU
		{444FF2A2-D500-4858-9568-1D1FBD764DAB}.Debug|Any CPU.Build.0 = Debug|Any CPU
		{444FF2A2-D500-4858-9568-1D1FBD764DAB}.Release|Any CPU.ActiveCfg = Release|Any CPU
		{444FF2A2-D500-4858-9568-1D1FBD764DAB}.Release|Any CPU.Build.0 = Release|Any CPU
	EndGlobalSection
	GlobalSection(SolutionProperties) = preSolution
		HideSolutionNode = FALSE
	EndGlobalSection
	GlobalSection(ExtensibilityGlobals) = postSolution
		SolutionGuid = {965DBA90-8D2A-40CE-9CAE-4B90ADF0F174}
	EndGlobalSection
EndGlobal
